
Microsoft Visual Studio Solution File, Format Version 12.00
# Visual Studio 14
VisualStudioVersion = 14.0.25420.1
MinimumVisualStudioVersion = 10.0.40219.1
Project("{9092AA53-FB77-4645-B42D-1CCCA6BD08BD}") = "DevNotification-Api", "DevNotification-Api\DevNotification-Api.njsproj", "{770A7DD3-C152-4800-8F2C-1CF9BB75EB96}"
EndProject
Project("{9092AA53-FB77-4645-B42D-1CCCA6BD08BD}") = "DevNotification-Web", "DevNotification-Web\DevNotification-Web.njsproj", "{3F1CAD74-AC80-41AC-BC2F-71C9B8C5AEE6}"
EndProject
Global
	GlobalSection(SolutionConfigurationPlatforms) = preSolution
		Debug|Any CPU = Debug|Any CPU
		Release|Any CPU = Release|Any CPU
	EndGlobalSection
	GlobalSection(ProjectConfigurationPlatforms) = postSolution
		{770A7DD3-C152-4800-8F2C-1CF9BB75EB96}.Debug|Any CPU.ActiveCfg = Debug|Any CPU
		{770A7DD3-C152-4800-8F2C-1CF9BB75EB96}.Debug|Any CPU.Build.0 = Debug|Any CPU
		{770A7DD3-C152-4800-8F2C-1CF9BB75EB96}.Release|Any CPU.ActiveCfg = Release|Any CPU
		{770A7DD3-C152-4800-8F2C-1CF9BB75EB96}.Release|Any CPU.Build.0 = Release|Any CPU
		{3F1CAD74-AC80-41AC-BC2F-71C9B8C5AEE6}.Debug|Any CPU.ActiveCfg = Debug|Any CPU
		{3F1CAD74-AC80-41AC-BC2F-71C9B8C5AEE6}.Debug|Any CPU.Build.0 = Debug|Any CPU
		{3F1CAD74-AC80-41AC-BC2F-71C9B8C5AEE6}.Release|Any CPU.ActiveCfg = Release|Any CPU
		{3F1CAD74-AC80-41AC-BC2F-71C9B8C5AEE6}.Release|Any CPU.Build.0 = Release|Any CPU
	EndGlobalSection
	GlobalSection(SolutionProperties) = preSolution
		HideSolutionNode = FALSE
	EndGlobalSection
EndGlobal
